
Microsoft Visual Studio Solution File, Format Version 12.00
# Visual Studio Version 16
VisualStudioVersion = 16.0.30804.86
MinimumVisualStudioVersion = 10.0.40219.1
Project("{FAE04EC0-301F-11D3-BF4B-00C04F79EFBC}") = "FinalProject", "FinalProject.csproj", "{F70EBD24-52AE-435B-B376-4356C2B95D57}"
EndProject
Project("{54435603-DBB4-11D2-8724-00A0C9A8B90C}") = "AE Sporting Fits", "..\AE Sporting Fits\AE Sporting Fits.vdproj", "{D86649C9-150C-4B36-90BC-6CE9F288BA92}"
EndProject
Project("{54435603-DBB4-11D2-8724-00A0C9A8B90C}") = "AE Sporting Fit", "..\AE Sporting Fit\AE Sporting Fit.vdproj", "{56F313F0-EDC8-4428-B6CD-F4D90AF408A1}"
EndProject
Global
	GlobalSection(SolutionConfigurationPlatforms) = preSolution
		Debug|Any CPU = Debug|Any CPU
		Release|Any CPU = Release|Any CPU
	EndGlobalSection
	GlobalSection(ProjectConfigurationPlatforms) = postSolution
		{F70EBD24-52AE-435B-B376-4356C2B95D57}.Debug|Any CPU.ActiveCfg = Debug|Any CPU
		{F70EBD24-52AE-435B-B376-4356C2B95D57}.Debug|Any CPU.Build.0 = Debug|Any CPU
		{F70EBD24-52AE-435B-B376-4356C2B95D57}.Release|Any CPU.ActiveCfg = Release|Any CPU
		{F70EBD24-52AE-435B-B376-4356C2B95D57}.Release|Any CPU.Build.0 = Release|Any CPU
		{D86649C9-150C-4B36-90BC-6CE9F288BA92}.Debug|Any CPU.ActiveCfg = Debug
		{D86649C9-150C-4B36-90BC-6CE9F288BA92}.Release|Any CPU.ActiveCfg = Release
		{56F313F0-EDC8-4428-B6CD-F4D90AF408A1}.Debug|Any CPU.ActiveCfg = Debug
		{56F313F0-EDC8-4428-B6CD-F4D90AF408A1}.Release|Any CPU.ActiveCfg = Release
	EndGlobalSection
	GlobalSection(SolutionProperties) = preSolution
		HideSolutionNode = FALSE
	EndGlobalSection
	GlobalSection(ExtensibilityGlobals) = postSolution
		SolutionGuid = {09872FBC-BAA9-41FB-B817-9CEEB88B3882}
	EndGlobalSection
EndGlobal
